// !$*UTF8*$!
{
	archiveVersion = 1;
	classes = {
	};
	objectVersion = 50;
	objects = {

/* Begin PBXBuildFile section */
		3AFA6C10F98E01FD4D389240 /* libPods-SwiftDemo.a in Frameworks */ = {isa = PBXBuildFile; fileRef = C1A0B2596CB08287BF1B5747 /* libPods-SwiftDemo.a */; };
		7A11D12F2275463600D782C8 /* AppDelegate.swift in Sources */ = {isa = PBXBuildFile; fileRef = 7A11D12E2275463600D782C8 /* AppDelegate.swift */; };
		7A11D1342275463600D782C8 /* Main.storyboard in Resources */ = {isa = PBXBuildFile; fileRef = 7A11D1322275463600D782C8 /* Main.storyboard */; };
		7A11D1362275463800D782C8 /* Assets.xcassets in Resources */ = {isa = PBXBuildFile; fileRef = 7A11D1352275463800D782C8 /* Assets.xcassets */; };
		7A11D1392275463800D782C8 /* LaunchScreen.storyboard in Resources */ = {isa = PBXBuildFile; fileRef = 7A11D1372275463800D782C8 /* LaunchScreen.storyboard */; };
		7A11D1442275463800D782C8 /* SwiftDemoTests.swift in Sources */ = {isa = PBXBuildFile; fileRef = 7A11D1432275463800D782C8 /* SwiftDemoTests.swift */; };
		7A11D14F2275463800D782C8 /* SwiftDemoUITests.swift in Sources */ = {isa = PBXBuildFile; fileRef = 7A11D14E2275463800D782C8 /* SwiftDemoUITests.swift */; };
		7A11D167227550C800D782C8 /* ZLConfig.swift in Sources */ = {isa = PBXBuildFile; fileRef = 7A11D166227550C800D782C8 /* ZLConfig.swift */; };
		7A11D1692275521800D782C8 /* ZLBaseViewController.swift in Sources */ = {isa = PBXBuildFile; fileRef = 7A11D1682275521800D782C8 /* ZLBaseViewController.swift */; };
		7A11D16F227553A200D782C8 /* ZLFirstPageVC.swift in Sources */ = {isa = PBXBuildFile; fileRef = 7A11D16E227553A200D782C8 /* ZLFirstPageVC.swift */; };
		7A11D171227553DF00D782C8 /* ZLPersonalCenterVC.swift in Sources */ = {isa = PBXBuildFile; fileRef = 7A11D170227553DF00D782C8 /* ZLPersonalCenterVC.swift */; };
		7A11D1732275546E00D782C8 /* ZLTabBarController.swift in Sources */ = {isa = PBXBuildFile; fileRef = 7A11D1722275546E00D782C8 /* ZLTabBarController.swift */; };
		7A11D17522758CBC00D782C8 /* NetManager.swift in Sources */ = {isa = PBXBuildFile; fileRef = 7A11D17422758CBC00D782C8 /* NetManager.swift */; };
		7A63BFD42275B161003EFE7E /* Macro.swift in Sources */ = {isa = PBXBuildFile; fileRef = 7A63BFD32275B161003EFE7E /* Macro.swift */; };
		7ABD860D227EC9A500F76785 /* BaseModel.swift in Sources */ = {isa = PBXBuildFile; fileRef = 7ABD860C227EC9A500F76785 /* BaseModel.swift */; };
		7ABD860F227ECA4200F76785 /* SpecialModel.swift in Sources */ = {isa = PBXBuildFile; fileRef = 7ABD860E227ECA4200F76785 /* SpecialModel.swift */; };
		7ABD8613227ED63B00F76785 /* ItemViewModel.swift in Sources */ = {isa = PBXBuildFile; fileRef = 7ABD8612227ED63B00F76785 /* ItemViewModel.swift */; };
		7ABD8615227EE16300F76785 /* ZLViewModel.swift in Sources */ = {isa = PBXBuildFile; fileRef = 7ABD8614227EE16300F76785 /* ZLViewModel.swift */; };
		7ABD8617227EE1AB00F76785 /* SpecialViewModel.swift in Sources */ = {isa = PBXBuildFile; fileRef = 7ABD8616227EE1AB00F76785 /* SpecialViewModel.swift */; };
/* End PBXBuildFile section */

/* Begin PBXContainerItemProxy section */
		7A11D1402275463800D782C8 /* PBXContainerItemProxy */ = {
			isa = PBXContainerItemProxy;
			containerPortal = 7A11D1232275463600D782C8 /* Project object */;
			proxyType = 1;
			remoteGlobalIDString = 7A11D12A2275463600D782C8;
			remoteInfo = SwiftDemo;
		};
		7A11D14B2275463800D782C8 /* PBXContainerItemProxy */ = {
			isa = PBXContainerItemProxy;
			containerPortal = 7A11D1232275463600D782C8 /* Project object */;
			proxyType = 1;
			remoteGlobalIDString = 7A11D12A2275463600D782C8;
			remoteInfo = SwiftDemo;
		};
/* End PBXContainerItemProxy section */

/* Begin PBXFileReference section */
		1D74FBF34ED8B78C7BCA53AB /* Pods-SwiftDemo.debug.xcconfig */ = {isa = PBXFileReference; includeInIndex = 1; lastKnownFileType = text.xcconfig; name = "Pods-SwiftDemo.debug.xcconfig"; path = "Pods/Target Support Files/Pods-SwiftDemo/Pods-SwiftDemo.debug.xcconfig"; sourceTree = "<group>"; };
		4102233703130924FD7CCEA7 /* Pods-SwiftDemo.release.xcconfig */ = {isa = PBXFileReference; includeInIndex = 1; lastKnownFileType = text.xcconfig; name = "Pods-SwiftDemo.release.xcconfig"; path = "Pods/Target Support Files/Pods-SwiftDemo/Pods-SwiftDemo.release.xcconfig"; sourceTree = "<group>"; };
		7A11D12B2275463600D782C8 /* SwiftDemo.app */ = {isa = PBXFileReference; explicitFileType = wrapper.application; includeInIndex = 0; path = SwiftDemo.app; sourceTree = BUILT_PRODUCTS_DIR; };
		7A11D12E2275463600D782C8 /* AppDelegate.swift */ = {isa = PBXFileReference; lastKnownFileType = sourcecode.swift; path = AppDelegate.swift; sourceTree = "<group>"; };
		7A11D1332275463600D782C8 /* Base */ = {isa = PBXFileReference; lastKnownFileType = file.storyboard; name = Base; path = Base.lproj/Main.storyboard; sourceTree = "<group>"; };
		7A11D1352275463800D782C8 /* Assets.xcassets */ = {isa = PBXFileReference; lastKnownFileType = folder.assetcatalog; path = Assets.xcassets; sourceTree = "<group>"; };
		7A11D1382275463800D782C8 /* Base */ = {isa = PBXFileReference; lastKnownFileType = file.storyboard; name = Base; path = Base.lproj/LaunchScreen.storyboard; sourceTree = "<group>"; };
		7A11D13A2275463800D782C8 /* Info.plist */ = {isa = PBXFileReference; lastKnownFileType = text.plist.xml; path = Info.plist; sourceTree = "<group>"; };
		7A11D13F2275463800D782C8 /* SwiftDemoTests.xctest */ = {isa = PBXFileReference; explicitFileType = wrapper.cfbundle; includeInIndex = 0; path = SwiftDemoTests.xctest; sourceTree = BUILT_PRODUCTS_DIR; };
		7A11D1432275463800D782C8 /* SwiftDemoTests.swift */ = {isa = PBXFileReference; lastKnownFileType = sourcecode.swift; path = SwiftDemoTests.swift; sourceTree = "<group>"; };
		7A11D1452275463800D782C8 /* Info.plist */ = {isa = PBXFileReference; lastKnownFileType = text.plist.xml; path = Info.plist; sourceTree = "<group>"; };
		7A11D14A2275463800D782C8 /* SwiftDemoUITests.xctest */ = {isa = PBXFileReference; explicitFileType = wrapper.cfbundle; includeInIndex = 0; path = SwiftDemoUITests.xctest; sourceTree = BUILT_PRODUCTS_DIR; };
		7A11D14E2275463800D782C8 /* SwiftDemoUITests.swift */ = {isa = PBXFileReference; lastKnownFileType = sourcecode.swift; path = SwiftDemoUITests.swift; sourceTree = "<group>"; };
		7A11D1502275463800D782C8 /* Info.plist */ = {isa = PBXFileReference; lastKnownFileType = text.plist.xml; path = Info.plist; sourceTree = "<group>"; };
		7A11D166227550C800D782C8 /* ZLConfig.swift */ = {isa = PBXFileReference; lastKnownFileType = sourcecode.swift; path = ZLConfig.swift; sourceTree = "<group>"; };
		7A11D1682275521800D782C8 /* ZLBaseViewController.swift */ = {isa = PBXFileReference; lastKnownFileType = sourcecode.swift; path = ZLBaseViewController.swift; sourceTree = "<group>"; };
		7A11D16E227553A200D782C8 /* ZLFirstPageVC.swift */ = {isa = PBXFileReference; lastKnownFileType = sourcecode.swift; path = ZLFirstPageVC.swift; sourceTree = "<group>"; };
		7A11D170227553DF00D782C8 /* ZLPersonalCenterVC.swift */ = {isa = PBXFileReference; lastKnownFileType = sourcecode.swift; path = ZLPersonalCenterVC.swift; sourceTree = "<group>"; };
		7A11D1722275546E00D782C8 /* ZLTabBarController.swift */ = {isa = PBXFileReference; lastKnownFileType = sourcecode.swift; path = ZLTabBarController.swift; sourceTree = "<group>"; };
		7A11D17422758CBC00D782C8 /* NetManager.swift */ = {isa = PBXFileReference; lastKnownFileType = sourcecode.swift; path = NetManager.swift; sourceTree = "<group>"; };
		7A1C590D22768FA90056A973 /* SwiftDemo-Bridging-Header.h */ = {isa = PBXFileReference; lastKnownFileType = sourcecode.c.h; path = "SwiftDemo-Bridging-Header.h"; sourceTree = "<group>"; };
		7A63BFD32275B161003EFE7E /* Macro.swift */ = {isa = PBXFileReference; lastKnownFileType = sourcecode.swift; path = Macro.swift; sourceTree = "<group>"; };
		7ABD860C227EC9A500F76785 /* BaseModel.swift */ = {isa = PBXFileReference; lastKnownFileType = sourcecode.swift; path = BaseModel.swift; sourceTree = "<group>"; };
		7ABD860E227ECA4200F76785 /* SpecialModel.swift */ = {isa = PBXFileReference; lastKnownFileType = sourcecode.swift; path = SpecialModel.swift; sourceTree = "<group>"; };
		7ABD8612227ED63B00F76785 /* ItemViewModel.swift */ = {isa = PBXFileReference; lastKnownFileType = sourcecode.swift; path = ItemViewModel.swift; sourceTree = "<group>"; };
		7ABD8614227EE16300F76785 /* ZLViewModel.swift */ = {isa = PBXFileReference; lastKnownFileType = sourcecode.swift; path = ZLViewModel.swift; sourceTree = "<group>"; };
		7ABD8616227EE1AB00F76785 /* SpecialViewModel.swift */ = {isa = PBXFileReference; lastKnownFileType = sourcecode.swift; path = SpecialViewModel.swift; sourceTree = "<group>"; };
		C1A0B2596CB08287BF1B5747 /* libPods-SwiftDemo.a */ = {isa = PBXFileReference; explicitFileType = archive.ar; includeInIndex = 0; path = "libPods-SwiftDemo.a"; sourceTree = BUILT_PRODUCTS_DIR; };
/* End PBXFileReference section */

/* Begin PBXFrameworksBuildPhase section */
		7A11D1282275463600D782C8 /* Frameworks */ = {
			isa = PBXFrameworksBuildPhase;
			buildActionMask = 2147483647;
			files = (
				3AFA6C10F98E01FD4D389240 /* libPods-SwiftDemo.a in Frameworks */,
			);
			runOnlyForDeploymentPostprocessing = 0;
		};
		7A11D13C2275463800D782C8 /* Frameworks */ = {
			isa = PBXFrameworksBuildPhase;
			buildActionMask = 2147483647;
			files = (
			);
			runOnlyForDeploymentPostprocessing = 0;
		};
		7A11D1472275463800D782C8 /* Frameworks */ = {
			isa = PBXFrameworksBuildPhase;
			buildActionMask = 2147483647;
			files = (
			);
			runOnlyForDeploymentPostprocessing = 0;
		};
/* End PBXFrameworksBuildPhase section */

/* Begin PBXGroup section */
		7A11D1222275463600D782C8 = {
			isa = PBXGroup;
			children = (
				7A11D12D2275463600D782C8 /* SwiftDemo */,
				7A11D1422275463800D782C8 /* SwiftDemoTests */,
				7A11D14D2275463800D782C8 /* SwiftDemoUITests */,
				7A11D12C2275463600D782C8 /* Products */,
				EA449ADDACB1B4B9DC7542AD /* Pods */,
				AEFB73A48AD0FF7BE1C2151E /* Frameworks */,
			);
			sourceTree = "<group>";
		};
		7A11D12C2275463600D782C8 /* Products */ = {
			isa = PBXGroup;
			children = (
				7A11D12B2275463600D782C8 /* SwiftDemo.app */,
				7A11D13F2275463800D782C8 /* SwiftDemoTests.xctest */,
				7A11D14A2275463800D782C8 /* SwiftDemoUITests.xctest */,
			);
			name = Products;
			sourceTree = "<group>";
		};
		7A11D12D2275463600D782C8 /* SwiftDemo */ = {
			isa = PBXGroup;
			children = (
				7A11D15C227548DD00D782C8 /* AppDelegate */,
				7A11D15D22754B2C00D782C8 /* Tool */,
				7A11D15E22754BAA00D782C8 /* Main */,
				7A11D16122754E5800D782C8 /* BaseClass */,
				7A11D1322275463600D782C8 /* Main.storyboard */,
				7A11D1352275463800D782C8 /* Assets.xcassets */,
				7A11D1372275463800D782C8 /* LaunchScreen.storyboard */,
				7A11D13A2275463800D782C8 /* Info.plist */,
			);
			path = SwiftDemo;
			sourceTree = "<group>";
		};
		7A11D1422275463800D782C8 /* SwiftDemoTests */ = {
			isa = PBXGroup;
			children = (
				7A11D1432275463800D782C8 /* SwiftDemoTests.swift */,
				7A11D1452275463800D782C8 /* Info.plist */,
			);
			path = SwiftDemoTests;
			sourceTree = "<group>";
		};
		7A11D14D2275463800D782C8 /* SwiftDemoUITests */ = {
			isa = PBXGroup;
			children = (
				7A11D14E2275463800D782C8 /* SwiftDemoUITests.swift */,
				7A11D1502275463800D782C8 /* Info.plist */,
			);
			path = SwiftDemoUITests;
			sourceTree = "<group>";
		};
		7A11D15C227548DD00D782C8 /* AppDelegate */ = {
			isa = PBXGroup;
			children = (
				7A11D12E2275463600D782C8 /* AppDelegate.swift */,
				7A11D166227550C800D782C8 /* ZLConfig.swift */,
			);
			path = AppDelegate;
			sourceTree = "<group>";
		};
		7A11D15D22754B2C00D782C8 /* Tool */ = {
			isa = PBXGroup;
			children = (
				7A1C590D22768FA90056A973 /* SwiftDemo-Bridging-Header.h */,
				7A1C59162276AC7C0056A973 /* Macro */,
				7A1C5912227690DC0056A973 /* Category */,
				7A1C5911227690B40056A973 /* Net */,
			);
			path = Tool;
			sourceTree = "<group>";
		};
		7A11D15E22754BAA00D782C8 /* Main */ = {
			isa = PBXGroup;
			children = (
				7A11D15F22754BDD00D782C8 /* FirstPage */,
				7A11D16022754DF800D782C8 /* PersonalCenter */,
			);
			path = Main;
			sourceTree = "<group>";
		};
		7A11D15F22754BDD00D782C8 /* FirstPage */ = {
			isa = PBXGroup;
			children = (
				7AE42D6F22784BE900EFD4A0 /* Controller */,
				7AE42D7022784BF500EFD4A0 /* View */,
				7AE42D7222784C0A00EFD4A0 /* ViewModel */,
				7AE42D7122784C0100EFD4A0 /* Model */,
			);
			path = FirstPage;
			sourceTree = "<group>";
		};
		7A11D16022754DF800D782C8 /* PersonalCenter */ = {
			isa = PBXGroup;
			children = (
				7AE42D7322784CCE00EFD4A0 /* Controller */,
				7AE42D7422784CDC00EFD4A0 /* View */,
				7AE42D7622784CF000EFD4A0 /* ViewModel */,
				7AE42D7522784CE300EFD4A0 /* Model */,
			);
			path = PersonalCenter;
			sourceTree = "<group>";
		};
		7A11D16122754E5800D782C8 /* BaseClass */ = {
			isa = PBXGroup;
			children = (
				7A11D1682275521800D782C8 /* ZLBaseViewController.swift */,
				7A11D1722275546E00D782C8 /* ZLTabBarController.swift */,
				7ABD860C227EC9A500F76785 /* BaseModel.swift */,
				7ABD8614227EE16300F76785 /* ZLViewModel.swift */,
			);
			path = BaseClass;
			sourceTree = "<group>";
		};
		7A1C5911227690B40056A973 /* Net */ = {
			isa = PBXGroup;
			children = (
				7A11D17422758CBC00D782C8 /* NetManager.swift */,
			);
			path = Net;
			sourceTree = "<group>";
		};
		7A1C5912227690DC0056A973 /* Category */ = {
			isa = PBXGroup;
			children = (
				7A1C5915227691750056A973 /* String */,
				7A1C5914227691520056A973 /* Dictionary */,
				7A1C5913227691470056A973 /* Array */,
			);
			path = Category;
			sourceTree = "<group>";
		};
		7A1C5913227691470056A973 /* Array */ = {
			isa = PBXGroup;
			children = (
			);
			path = Array;
			sourceTree = "<group>";
		};
		7A1C5914227691520056A973 /* Dictionary */ = {
			isa = PBXGroup;
			children = (
			);
			path = Dictionary;
			sourceTree = "<group>";
		};
		7A1C5915227691750056A973 /* String */ = {
			isa = PBXGroup;
			children = (
			);
			path = String;
			sourceTree = "<group>";
		};
		7A1C59162276AC7C0056A973 /* Macro */ = {
			isa = PBXGroup;
			children = (
				7A63BFD32275B161003EFE7E /* Macro.swift */,
			);
			path = Macro;
			sourceTree = "<group>";
		};
		7AE42D6F22784BE900EFD4A0 /* Controller */ = {
			isa = PBXGroup;
			children = (
				7A11D16E227553A200D782C8 /* ZLFirstPageVC.swift */,
			);
			path = Controller;
			sourceTree = "<group>";
		};
		7AE42D7022784BF500EFD4A0 /* View */ = {
			isa = PBXGroup;
			children = (
			);
			path = View;
			sourceTree = "<group>";
		};
		7AE42D7122784C0100EFD4A0 /* Model */ = {
			isa = PBXGroup;
			children = (
				7ABD860E227ECA4200F76785 /* SpecialModel.swift */,
			);
			path = Model;
			sourceTree = "<group>";
		};
		7AE42D7222784C0A00EFD4A0 /* ViewModel */ = {
			isa = PBXGroup;
			children = (
				7ABD8616227EE1AB00F76785 /* SpecialViewModel.swift */,
				7ABD8612227ED63B00F76785 /* ItemViewModel.swift */,
			);
			path = ViewModel;
			sourceTree = "<group>";
		};
		7AE42D7322784CCE00EFD4A0 /* Controller */ = {
			isa = PBXGroup;
			children = (
				7A11D170227553DF00D782C8 /* ZLPersonalCenterVC.swift */,
			);
			path = Controller;
			sourceTree = "<group>";
		};
		7AE42D7422784CDC00EFD4A0 /* View */ = {
			isa = PBXGroup;
			children = (
			);
			path = View;
			sourceTree = "<group>";
		};
		7AE42D7522784CE300EFD4A0 /* Model */ = {
			isa = PBXGroup;
			children = (
			);
			path = Model;
			sourceTree = "<group>";
		};
		7AE42D7622784CF000EFD4A0 /* ViewModel */ = {
			isa = PBXGroup;
			children = (
			);
			path = ViewModel;
			sourceTree = "<group>";
		};
		AEFB73A48AD0FF7BE1C2151E /* Frameworks */ = {
			isa = PBXGroup;
			children = (
				C1A0B2596CB08287BF1B5747 /* libPods-SwiftDemo.a */,
			);
			name = Frameworks;
			sourceTree = "<group>";
		};
		EA449ADDACB1B4B9DC7542AD /* Pods */ = {
			isa = PBXGroup;
			children = (
				1D74FBF34ED8B78C7BCA53AB /* Pods-SwiftDemo.debug.xcconfig */,
				4102233703130924FD7CCEA7 /* Pods-SwiftDemo.release.xcconfig */,
			);
			name = Pods;
			sourceTree = "<group>";
		};
/* End PBXGroup section */

/* Begin PBXNativeTarget section */
		7A11D12A2275463600D782C8 /* SwiftDemo */ = {
			isa = PBXNativeTarget;
			buildConfigurationList = 7A11D1532275463800D782C8 /* Build configuration list for PBXNativeTarget "SwiftDemo" */;
			buildPhases = (
				83EEF9A5CAFD7B539CC24A5E /* [CP] Check Pods Manifest.lock */,
				7A11D1272275463600D782C8 /* Sources */,
				7A11D1282275463600D782C8 /* Frameworks */,
				7A11D1292275463600D782C8 /* Resources */,
				E318E43879949D7258422E4E /* [CP] Copy Pods Resources */,
			);
			buildRules = (
			);
			dependencies = (
			);
			name = SwiftDemo;
			productName = SwiftDemo;
			productReference = 7A11D12B2275463600D782C8 /* SwiftDemo.app */;
			productType = "com.apple.product-type.application";
		};
		7A11D13E2275463800D782C8 /* SwiftDemoTests */ = {
			isa = PBXNativeTarget;
			buildConfigurationList = 7A11D1562275463800D782C8 /* Build configuration list for PBXNativeTarget "SwiftDemoTests" */;
			buildPhases = (
				7A11D13B2275463800D782C8 /* Sources */,
				7A11D13C2275463800D782C8 /* Frameworks */,
				7A11D13D2275463800D782C8 /* Resources */,
			);
			buildRules = (
			);
			dependencies = (
				7A11D1412275463800D782C8 /* PBXTargetDependency */,
			);
			name = SwiftDemoTests;
			productName = SwiftDemoTests;
			productReference = 7A11D13F2275463800D782C8 /* SwiftDemoTests.xctest */;
			productType = "com.apple.product-type.bundle.unit-test";
		};
		7A11D1492275463800D782C8 /* SwiftDemoUITests */ = {
			isa = PBXNativeTarget;
			buildConfigurationList = 7A11D1592275463800D782C8 /* Build configuration list for PBXNativeTarget "SwiftDemoUITests" */;
			buildPhases = (
				7A11D1462275463800D782C8 /* Sources */,
				7A11D1472275463800D782C8 /* Frameworks */,
				7A11D1482275463800D782C8 /* Resources */,
			);
			buildRules = (
			);
			dependencies = (
				7A11D14C2275463800D782C8 /* PBXTargetDependency */,
			);
			name = SwiftDemoUITests;
			productName = SwiftDemoUITests;
			productReference = 7A11D14A2275463800D782C8 /* SwiftDemoUITests.xctest */;
			productType = "com.apple.product-type.bundle.ui-testing";
		};
/* End PBXNativeTarget section */

/* Begin PBXProject section */
		7A11D1232275463600D782C8 /* Project object */ = {
			isa = PBXProject;
			attributes = {
				CLASSPREFIX = ZL;
				LastSwiftUpdateCheck = 1010;
				LastUpgradeCheck = 1010;
				ORGANIZATIONNAME = "Beijing tai chi HuaQing information systems co., LTD";
				TargetAttributes = {
					7A11D12A2275463600D782C8 = {
						CreatedOnToolsVersion = 10.1;
						LastSwiftMigration = 1010;
					};
					7A11D13E2275463800D782C8 = {
						CreatedOnToolsVersion = 10.1;
						TestTargetID = 7A11D12A2275463600D782C8;
					};
					7A11D1492275463800D782C8 = {
						CreatedOnToolsVersion = 10.1;
						TestTargetID = 7A11D12A2275463600D782C8;
					};
				};
			};
			buildConfigurationList = 7A11D1262275463600D782C8 /* Build configuration list for PBXProject "SwiftDemo" */;
			compatibilityVersion = "Xcode 9.3";
			developmentRegion = en;
			hasScannedForEncodings = 0;
			knownRegions = (
				en,
				Base,
			);
			mainGroup = 7A11D1222275463600D782C8;
			productRefGroup = 7A11D12C2275463600D782C8 /* Products */;
			projectDirPath = "";
			projectRoot = "";
			targets = (
				7A11D12A2275463600D782C8 /* SwiftDemo */,
				7A11D13E2275463800D782C8 /* SwiftDemoTests */,
				7A11D1492275463800D782C8 /* SwiftDemoUITests */,
			);
		};
/* End PBXProject section */

/* Begin PBXResourcesBuildPhase section */
		7A11D1292275463600D782C8 /* Resources */ = {
			isa = PBXResourcesBuildPhase;
			buildActionMask = 2147483647;
			files = (
				7A11D1392275463800D782C8 /* LaunchScreen.storyboard in Resources */,
				7A11D1362275463800D782C8 /* Assets.xcassets in Resources */,
				7A11D1342275463600D782C8 /* Main.storyboard in Resources */,
			);
			runOnlyForDeploymentPostprocessing = 0;
		};
		7A11D13D2275463800D782C8 /* Resources */ = {
			isa = PBXResourcesBuildPhase;
			buildActionMask = 2147483647;
			files = (
			);
			runOnlyForDeploymentPostprocessing = 0;
		};
		7A11D1482275463800D782C8 /* Resources */ = {
			isa = PBXResourcesBuildPhase;
			buildActionMask = 2147483647;
			files = (
			);
			runOnlyForDeploymentPostprocessing = 0;
		};
/* End PBXResourcesBuildPhase section */

/* Begin PBXShellScriptBuildPhase section */
		83EEF9A5CAFD7B539CC24A5E /* [CP] Check Pods Manifest.lock */ = {
			isa = PBXShellScriptBuildPhase;
			buildActionMask = 2147483647;
			files = (
			);
			inputPaths = (
				"${PODS_PODFILE_DIR_PATH}/Podfile.lock",
				"${PODS_ROOT}/Manifest.lock",
			);
			name = "[CP] Check Pods Manifest.lock";
			outputPaths = (
				"$(DERIVED_FILE_DIR)/Pods-SwiftDemo-checkManifestLockResult.txt",
			);
			runOnlyForDeploymentPostprocessing = 0;
			shellPath = /bin/sh;
			shellScript = "diff \"${PODS_PODFILE_DIR_PATH}/Podfile.lock\" \"${PODS_ROOT}/Manifest.lock\" > /dev/null\nif [ $? != 0 ] ; then\n    # print error to STDERR\n    echo \"error: The sandbox is not in sync with the Podfile.lock. Run 'pod install' or update your CocoaPods installation.\" >&2\n    exit 1\nfi\n# This output is used by Xcode 'outputs' to avoid re-running this script phase.\necho \"SUCCESS\" > \"${SCRIPT_OUTPUT_FILE_0}\"\n";
			showEnvVarsInLog = 0;
		};
		E318E43879949D7258422E4E /* [CP] Copy Pods Resources */ = {
			isa = PBXShellScriptBuildPhase;
			buildActionMask = 2147483647;
			files = (
			);
			inputPaths = (
				"${SRCROOT}/Pods/Target Support Files/Pods-SwiftDemo/Pods-SwiftDemo-resources.sh",
				"${PODS_ROOT}/MJRefresh/MJRefresh/MJRefresh.bundle",
				"${PODS_ROOT}/SVProgressHUD/SVProgressHUD/SVProgressHUD.bundle",
			);
			name = "[CP] Copy Pods Resources";
			outputPaths = (
				"${TARGET_BUILD_DIR}/${UNLOCALIZED_RESOURCES_FOLDER_PATH}/MJRefresh.bundle",
				"${TARGET_BUILD_DIR}/${UNLOCALIZED_RESOURCES_FOLDER_PATH}/SVProgressHUD.bundle",
			);
			runOnlyForDeploymentPostprocessing = 0;
			shellPath = /bin/sh;
			shellScript = "\"${SRCROOT}/Pods/Target Support Files/Pods-SwiftDemo/Pods-SwiftDemo-resources.sh\"\n";
			showEnvVarsInLog = 0;
		};
/* End PBXShellScriptBuildPhase section */

/* Begin PBXSourcesBuildPhase section */
		7A11D1272275463600D782C8 /* Sources */ = {
			isa = PBXSourcesBuildPhase;
			buildActionMask = 2147483647;
			files = (
				7A63BFD42275B161003EFE7E /* Macro.swift in Sources */,
				7ABD8617227EE1AB00F76785 /* SpecialViewModel.swift in Sources */,
				7A11D17522758CBC00D782C8 /* NetManager.swift in Sources */,
				7A11D167227550C800D782C8 /* ZLConfig.swift in Sources */,
				7A11D12F2275463600D782C8 /* AppDelegate.swift in Sources */,
				7ABD860D227EC9A500F76785 /* BaseModel.swift in Sources */,
				7ABD8613227ED63B00F76785 /* ItemViewModel.swift in Sources */,
				7A11D171227553DF00D782C8 /* ZLPersonalCenterVC.swift in Sources */,
				7A11D16F227553A200D782C8 /* ZLFirstPageVC.swift in Sources */,
				7A11D1692275521800D782C8 /* ZLBaseViewController.swift in Sources */,
				7A11D1732275546E00D782C8 /* ZLTabBarController.swift in Sources */,
				7ABD8615227EE16300F76785 /* ZLViewModel.swift in Sources */,
				7ABD860F227ECA4200F76785 /* SpecialModel.swift in Sources */,
			);
			runOnlyForDeploymentPostprocessing = 0;
		};
		7A11D13B2275463800D782C8 /* Sources */ = {
			isa = PBXSourcesBuildPhase;
			buildActionMask = 2147483647;
			files = (
				7A11D1442275463800D782C8 /* SwiftDemoTests.swift in Sources */,
			);
			runOnlyForDeploymentPostprocessing = 0;
		};
		7A11D1462275463800D782C8 /* Sources */ = {
			isa = PBXSourcesBuildPhase;
			buildActionMask = 2147483647;
			files = (
				7A11D14F2275463800D782C8 /* SwiftDemoUITests.swift in Sources */,
			);
			runOnlyForDeploymentPostprocessing = 0;
		};
/* End PBXSourcesBuildPhase section */

/* Begin PBXTargetDependency section */
		7A11D1412275463800D782C8 /* PBXTargetDependency */ = {
			isa = PBXTargetDependency;
			target = 7A11D12A2275463600D782C8 /* SwiftDemo */;
			targetProxy = 7A11D1402275463800D782C8 /* PBXContainerItemProxy */;
		};
		7A11D14C2275463800D782C8 /* PBXTargetDependency */ = {
			isa = PBXTargetDependency;
			target = 7A11D12A2275463600D782C8 /* SwiftDemo */;
			targetProxy = 7A11D14B2275463800D782C8 /* PBXContainerItemProxy */;
		};
/* End PBXTargetDependency section */

/* Begin PBXVariantGroup section */
		7A11D1322275463600D782C8 /* Main.storyboard */ = {
			isa = PBXVariantGroup;
			children = (
				7A11D1332275463600D782C8 /* Base */,
			);
			name = Main.storyboard;
			sourceTree = "<group>";
		};
		7A11D1372275463800D782C8 /* LaunchScreen.storyboard */ = {
			isa = PBXVariantGroup;
			children = (
				7A11D1382275463800D782C8 /* Base */,
			);
			name = LaunchScreen.storyboard;
			sourceTree = "<group>";
		};
/* End PBXVariantGroup section */

/* Begin XCBuildConfiguration section */
		7A11D1512275463800D782C8 /* Debug */ = {
			isa = XCBuildConfiguration;
			buildSettings = {
				ALWAYS_SEARCH_USER_PATHS = NO;
				CLANG_ANALYZER_NONNULL = YES;
				CLANG_ANALYZER_NUMBER_OBJECT_CONVERSION = YES_AGGRESSIVE;
				CLANG_CXX_LANGUAGE_STANDARD = "gnu++14";
				CLANG_CXX_LIBRARY = "libc++";
				CLANG_ENABLE_MODULES = YES;
				CLANG_ENABLE_OBJC_ARC = YES;
				CLANG_ENABLE_OBJC_WEAK = YES;
				CLANG_WARN_BLOCK_CAPTURE_AUTORELEASING = YES;
				CLANG_WARN_BOOL_CONVERSION = YES;
				CLANG_WARN_COMMA = YES;
				CLANG_WARN_CONSTANT_CONVERSION = YES;
				CLANG_WARN_DEPRECATED_OBJC_IMPLEMENTATIONS = YES;
				CLANG_WARN_DIRECT_OBJC_ISA_USAGE = YES_ERROR;
				CLANG_WARN_DOCUMENTATION_COMMENTS = YES;
				CLANG_WARN_EMPTY_BODY = YES;
				CLANG_WARN_ENUM_CONVERSION = YES;
				CLANG_WARN_INFINITE_RECURSION = YES;
				CLANG_WARN_INT_CONVERSION = YES;
				CLANG_WARN_NON_LITERAL_NULL_CONVERSION = YES;
				CLANG_WARN_OBJC_IMPLICIT_RETAIN_SELF = YES;
				CLANG_WARN_OBJC_LITERAL_CONVERSION = YES;
				CLANG_WARN_OBJC_ROOT_CLASS = YES_ERROR;
				CLANG_WARN_RANGE_LOOP_ANALYSIS = YES;
				CLANG_WARN_STRICT_PROTOTYPES = YES;
				CLANG_WARN_SUSPICIOUS_MOVE = YES;
				CLANG_WARN_UNGUARDED_AVAILABILITY = YES_AGGRESSIVE;
				CLANG_WARN_UNREACHABLE_CODE = YES;
				CLANG_WARN__DUPLICATE_METHOD_MATCH = YES;
				CODE_SIGN_IDENTITY = "iPhone Developer";
				COPY_PHASE_STRIP = NO;
				DEBUG_INFORMATION_FORMAT = dwarf;
				ENABLE_STRICT_OBJC_MSGSEND = YES;
				ENABLE_TESTABILITY = YES;
				GCC_C_LANGUAGE_STANDARD = gnu11;
				GCC_DYNAMIC_NO_PIC = NO;
				GCC_NO_COMMON_BLOCKS = YES;
				GCC_OPTIMIZATION_LEVEL = 0;
				GCC_PREPROCESSOR_DEFINITIONS = (
					"DEBUG=1",
					"$(inherited)",
				);
				GCC_WARN_64_TO_32_BIT_CONVERSION = YES;
				GCC_WARN_ABOUT_RETURN_TYPE = YES_ERROR;
				GCC_WARN_UNDECLARED_SELECTOR = YES;
				GCC_WARN_UNINITIALIZED_AUTOS = YES_AGGRESSIVE;
				GCC_WARN_UNUSED_FUNCTION = YES;
				GCC_WARN_UNUSED_VARIABLE = YES;
				IPHONEOS_DEPLOYMENT_TARGET = 12.1;
				MTL_ENABLE_DEBUG_INFO = INCLUDE_SOURCE;
				MTL_FAST_MATH = YES;
				ONLY_ACTIVE_ARCH = YES;
				SDKROOT = iphoneos;
				SWIFT_ACTIVE_COMPILATION_CONDITIONS = DEBUG;
				SWIFT_OPTIMIZATION_LEVEL = "-Onone";
				SWIFT_VERSION = 4.2;
			};
			name = Debug;
		};
		7A11D1522275463800D782C8 /* Release */ = {
			isa = XCBuildConfiguration;
			buildSettings = {
				ALWAYS_SEARCH_USER_PATHS = NO;
				CLANG_ANALYZER_NONNULL = YES;
				CLANG_ANALYZER_NUMBER_OBJECT_CONVERSION = YES_AGGRESSIVE;
				CLANG_CXX_LANGUAGE_STANDARD = "gnu++14";
				CLANG_CXX_LIBRARY = "libc++";
				CLANG_ENABLE_MODULES = YES;
				CLANG_ENABLE_OBJC_ARC = YES;
				CLANG_ENABLE_OBJC_WEAK = YES;
				CLANG_WARN_BLOCK_CAPTURE_AUTORELEASING = YES;
				CLANG_WARN_BOOL_CONVERSION = YES;
				CLANG_WARN_COMMA = YES;
				CLANG_WARN_CONSTANT_CONVERSION = YES;
				CLANG_WARN_DEPRECATED_OBJC_IMPLEMENTATIONS = YES;
				CLANG_WARN_DIRECT_OBJC_ISA_USAGE = YES_ERROR;
				CLANG_WARN_DOCUMENTATION_COMMENTS = YES;
				CLANG_WARN_EMPTY_BODY = YES;
				CLANG_WARN_ENUM_CONVERSION = YES;
				CLANG_WARN_INFINITE_RECURSION = YES;
				CLANG_WARN_INT_CONVERSION = YES;
				CLANG_WARN_NON_LITERAL_NULL_CONVERSION = YES;
				CLANG_WARN_OBJC_IMPLICIT_RETAIN_SELF = YES;
				CLANG_WARN_OBJC_LITERAL_CONVERSION = YES;
				CLANG_WARN_OBJC_ROOT_CLASS = YES_ERROR;
				CLANG_WARN_RANGE_LOOP_ANALYSIS = YES;
				CLANG_WARN_STRICT_PROTOTYPES = YES;
				CLANG_WARN_SUSPICIOUS_MOVE = YES;
				CLANG_WARN_UNGUARDED_AVAILABILITY = YES_AGGRESSIVE;
				CLANG_WARN_UNREACHABLE_CODE = YES;
				CLANG_WARN__DUPLICATE_METHOD_MATCH = YES;
				CODE_SIGN_IDENTITY = "iPhone Developer";
				COPY_PHASE_STRIP = NO;
				DEBUG_INFORMATION_FORMAT = "dwarf-with-dsym";
				ENABLE_NS_ASSERTIONS = NO;
				ENABLE_STRICT_OBJC_MSGSEND = YES;
				GCC_C_LANGUAGE_STANDARD = gnu11;
				GCC_NO_COMMON_BLOCKS = YES;
				GCC_WARN_64_TO_32_BIT_CONVERSION = YES;
				GCC_WARN_ABOUT_RETURN_TYPE = YES_ERROR;
				GCC_WARN_UNDECLARED_SELECTOR = YES;
				GCC_WARN_UNINITIALIZED_AUTOS = YES_AGGRESSIVE;
				GCC_WARN_UNUSED_FUNCTION = YES;
				GCC_WARN_UNUSED_VARIABLE = YES;
				IPHONEOS_DEPLOYMENT_TARGET = 12.1;
				MTL_ENABLE_DEBUG_INFO = NO;
				MTL_FAST_MATH = YES;
				SDKROOT = iphoneos;
				SWIFT_COMPILATION_MODE = wholemodule;
				SWIFT_OPTIMIZATION_LEVEL = "-O";
				SWIFT_VERSION = 4.2;
				VALIDATE_PRODUCT = YES;
			};
			name = Release;
		};
		7A11D1542275463800D782C8 /* Debug */ = {
			isa = XCBuildConfiguration;
			baseConfigurationReference = 1D74FBF34ED8B78C7BCA53AB /* Pods-SwiftDemo.debug.xcconfig */;
			buildSettings = {
				ASSETCATALOG_COMPILER_APPICON_NAME = AppIcon;
				CLANG_ENABLE_MODULES = YES;
				CODE_SIGN_STYLE = Automatic;
				DEVELOPMENT_TEAM = TVSTTC2NK6;
				INFOPLIST_FILE = SwiftDemo/Info.plist;
				IPHONEOS_DEPLOYMENT_TARGET = 10.0;
				LD_RUNPATH_SEARCH_PATHS = (
					"$(inherited)",
					"@executable_path/Frameworks",
				);
				OTHER_SWIFT_FLAGS = "$(inherited) -Xcc -fmodule-map-file=\"${PODS_CONFIGURATION_BUILD_DIR}/Alamofire/Alamofire.modulemap\" -Xcc -fmodule-map-file=\"${PODS_CONFIGURATION_BUILD_DIR}/HandyJSON/HandyJSON.modulemap\" -Xcc -fmodule-map-file=\"${PODS_CONFIGURATION_BUILD_DIR}/SnapKit/SnapKit.modulemap\" -Xcc -fmodule-map-file=\"${PODS_CONFIGURATION_BUILD_DIR}/SwiftyJSON/SwiftyJSON.modulemap\" $(inherited) \"-D\" \"COCOAPODS\" -D DEBUG";
				PRODUCT_BUNDLE_IDENTIFIER = com.tjhq.SwiftDemo;
				PRODUCT_NAME = "$(TARGET_NAME)";
				SWIFT_OBJC_BRIDGING_HEADER = "SwiftDemo/Tool/SwiftDemo-Bridging-Header.h";
				SWIFT_OPTIMIZATION_LEVEL = "-Onone";
				SWIFT_VERSION = 4.2;
				TARGETED_DEVICE_FAMILY = 1;
			};
			name = Debug;
		};
		7A11D1552275463800D782C8 /* Release */ = {
			isa = XCBuildConfiguration;
			baseConfigurationReference = 4102233703130924FD7CCEA7 /* Pods-SwiftDemo.release.xcconfig */;
			buildSettings = {
				ASSETCATALOG_COMPILER_APPICON_NAME = AppIcon;
				CLANG_ENABLE_MODULES = YES;
				CODE_SIGN_STYLE = Automatic;
				DEVELOPMENT_TEAM = TVSTTC2NK6;
				INFOPLIST_FILE = SwiftDemo/Info.plist;
				IPHONEOS_DEPLOYMENT_TARGET = 10.0;
				LD_RUNPATH_SEARCH_PATHS = (
					"$(inherited)",
					"@executable_path/Frameworks",
				);
				PRODUCT_BUNDLE_IDENTIFIER = com.tjhq.SwiftDemo;
				PRODUCT_NAME = "$(TARGET_NAME)";
				SWIFT_OBJC_BRIDGING_HEADER = "SwiftDemo/Tool/SwiftDemo-Bridging-Header.h";
				SWIFT_VERSION = 4.2;
				TARGETED_DEVICE_FAMILY = 1;
			};
			name = Release;
		};
		7A11D1572275463800D782C8 /* Debug */ = {
			isa = XCBuildConfiguration;
			buildSettings = {
				ALWAYS_EMBED_SWIFT_STANDARD_LIBRARIES = YES;
				BUNDLE_LOADER = "$(TEST_HOST)";
				CODE_SIGN_STYLE = Automatic;
				DEVELOPMENT_TEAM = TVSTTC2NK6;
				INFOPLIST_FILE = SwiftDemoTests/Info.plist;
				LD_RUNPATH_SEARCH_PATHS = (
					"$(inherited)",
					"@executable_path/Frameworks",
					"@loader_path/Frameworks",
				);
				PRODUCT_BUNDLE_IDENTIFIER = com.tjhq.SwiftDemoTests;
				PRODUCT_NAME = "$(TARGET_NAME)";
				SWIFT_VERSION = 4.2;
				TARGETED_DEVICE_FAMILY = "1,2";
				TEST_HOST = "$(BUILT_PRODUCTS_DIR)/SwiftDemo.app/SwiftDemo";
			};
			name = Debug;
		};
		7A11D1582275463800D782C8 /* Release */ = {
			isa = XCBuildConfiguration;
			buildSettings = {
				ALWAYS_EMBED_SWIFT_STANDARD_LIBRARIES = YES;
				BUNDLE_LOADER = "$(TEST_HOST)";
				CODE_SIGN_STYLE = Automatic;
				DEVELOPMENT_TEAM = TVSTTC2NK6;
				INFOPLIST_FILE = SwiftDemoTests/Info.plist;
				LD_RUNPATH_SEARCH_PATHS = (
					"$(inherited)",
					"@executable_path/Frameworks",
					"@loader_path/Frameworks",
				);
				PRODUCT_BUNDLE_IDENTIFIER = com.tjhq.SwiftDemoTests;
				PRODUCT_NAME = "$(TARGET_NAME)";
				SWIFT_VERSION = 4.2;
				TARGETED_DEVICE_FAMILY = "1,2";
				TEST_HOST = "$(BUILT_PRODUCTS_DIR)/SwiftDemo.app/SwiftDemo";
			};
			name = Release;
		};
		7A11D15A2275463800D782C8 /* Debug */ = {
			isa = XCBuildConfiguration;
			buildSettings = {
				ALWAYS_EMBED_SWIFT_STANDARD_LIBRARIES = YES;
				CODE_SIGN_STYLE = Automatic;
				DEVELOPMENT_TEAM = TVSTTC2NK6;
				INFOPLIST_FILE = SwiftDemoUITests/Info.plist;
				LD_RUNPATH_SEARCH_PATHS = (
					"$(inherited)",
					"@executable_path/Frameworks",
					"@loader_path/Frameworks",
				);
				PRODUCT_BUNDLE_IDENTIFIER = com.tjhq.SwiftDemoUITests;
				PRODUCT_NAME = "$(TARGET_NAME)";
				SWIFT_VERSION = 4.2;
				TARGETED_DEVICE_FAMILY = "1,2";
				TEST_TARGET_NAME = SwiftDemo;
			};
			name = Debug;
		};
		7A11D15B2275463800D782C8 /* Release */ = {
			isa = XCBuildConfiguration;
			buildSettings = {
				ALWAYS_EMBED_SWIFT_STANDARD_LIBRARIES = YES;
				CODE_SIGN_STYLE = Automatic;
				DEVELOPMENT_TEAM = TVSTTC2NK6;
				INFOPLIST_FILE = SwiftDemoUITests/Info.plist;
				LD_RUNPATH_SEARCH_PATHS = (
					"$(inherited)",
					"@executable_path/Frameworks",
					"@loader_path/Frameworks",
				);
				PRODUCT_BUNDLE_IDENTIFIER = com.tjhq.SwiftDemoUITests;
				PRODUCT_NAME = "$(TARGET_NAME)";
				SWIFT_VERSION = 4.2;
				TARGETED_DEVICE_FAMILY = "1,2";
				TEST_TARGET_NAME = SwiftDemo;
			};
			name = Release;
		};
/* End XCBuildConfiguration section */

/* Begin XCConfigurationList section */
		7A11D1262275463600D782C8 /* Build configuration list for PBXProject "SwiftDemo" */ = {
			isa = XCConfigurationList;
			buildConfigurations = (
				7A11D1512275463800D782C8 /* Debug */,
				7A11D1522275463800D782C8 /* Release */,
			);
			defaultConfigurationIsVisible = 0;
			defaultConfigurationName = Release;
		};
		7A11D1532275463800D782C8 /* Build configuration list for PBXNativeTarget "SwiftDemo" */ = {
			isa = XCConfigurationList;
			buildConfigurations = (
				7A11D1542275463800D782C8 /* Debug */,
				7A11D1552275463800D782C8 /* Release */,
			);
			defaultConfigurationIsVisible = 0;
			defaultConfigurationName = Release;
		};
		7A11D1562275463800D782C8 /* Build configuration list for PBXNativeTarget "SwiftDemoTests" */ = {
			isa = XCConfigurationList;
			buildConfigurations = (
				7A11D1572275463800D782C8 /* Debug */,
				7A11D1582275463800D782C8 /* Release */,
			);
			defaultConfigurationIsVisible = 0;
			defaultConfigurationName = Release;
		};
		7A11D1592275463800D782C8 /* Build configuration list for PBXNativeTarget "SwiftDemoUITests" */ = {
			isa = XCConfigurationList;
			buildConfigurations = (
				7A11D15A2275463800D782C8 /* Debug */,
				7A11D15B2275463800D782C8 /* Release */,
			);
			defaultConfigurationIsVisible = 0;
			defaultConfigurationName = Release;
		};
/* End XCConfigurationList section */
	};
	rootObject = 7A11D1232275463600D782C8 /* Project object */;
}
